// !$*UTF8*$!
{
	archiveVersion = 1;
	classes = {
	};
	objectVersion = 46;
	objects = {

/* Begin PBXBuildFile section */
		D4DAA9811FBDF34000FD2D5B /* main.cpp in Sources */ = {isa = PBXBuildFile; fileRef = D4DAA9801FBDF34000FD2D5B /* main.cpp */; };
/* End PBXBuildFile section */

/* Begin PBXCopyFilesBuildPhase section */
		D4DAA97B1FBDF34000FD2D5B /* CopyFiles */ = {
			isa = PBXCopyFilesBuildPhase;
			buildActionMask = 2147483647;
			dstPath = /usr/share/man/man1/;
			dstSubfolderSpec = 0;
			files = (
			);
			runOnlyForDeploymentPostprocessing = 1;
		};
/* End PBXCopyFilesBuildPhase section */

/* Begin PBXFileReference section */
		D4DAA97D1FBDF34000FD2D5B /* B. Devu, the Dumb Guy */ = {isa = PBXFileReference; explicitFileType = "compiled.mach-o.executable"; includeInIndex = 0; path = "B. Devu, the Dumb Guy"; sourceTree = BUILT_PRODUCTS_DIR; };
		D4DAA9801FBDF34000FD2D5B /* main.cpp */ = {isa = PBXFileReference; lastKnownFileType = sourcecode.cpp.cpp; path = main.cpp; sourceTree = "<group>"; };
/* End PBXFileReference section */

/* Begin PBXFrameworksBuildPhase section */
		D4DAA97A1FBDF34000FD2D5B /* Frameworks */ = {
			isa = PBXFrameworksBuildPhase;
			buildActionMask = 2147483647;
			files = (
			);
			runOnlyForDeploymentPostprocessing = 0;
		};
/* End PBXFrameworksBuildPhase section */

/* Begin PBXGroup section */
		D4DAA9741FBDF33F00FD2D5B = {
			isa = PBXGroup;
			children = (
				D4DAA97F1FBDF34000FD2D5B /* B. Devu, the Dumb Guy */,
				D4DAA97E1FBDF34000FD2D5B /* Products */,
			);
			sourceTree = "<group>";
		};
		D4DAA97E1FBDF34000FD2D5B /* Products */ = {
			isa = PBXGroup;
			children = (
				D4DAA97D1FBDF34000FD2D5B /* B. Devu, the Dumb Guy */,
			);
			name = Products;
			sourceTree = "<group>";
		};
		D4DAA97F1FBDF34000FD2D5B /* B. Devu, the Dumb Guy */ = {
			isa = PBXGroup;
			children = (
				D4DAA9801FBDF34000FD2D5B /* main.cpp */,
			);
			path = "B. Devu, the Dumb Guy";
			sourceTree = "<group>";
		};
/* End PBXGroup section */

/* Begin PBXNativeTarget section */
		D4DAA97C1FBDF34000FD2D5B /* B. Devu, the Dumb Guy */ = {
			isa = PBXNativeTarget;
			buildConfigurationList = D4DAA9841FBDF34000FD2D5B /* Build configuration list for PBXNativeTarget "B. Devu, the Dumb Guy" */;
			buildPhases = (
				D4DAA9791FBDF34000FD2D5B /* Sources */,
				D4DAA97A1FBDF34000FD2D5B /* Frameworks */,
				D4DAA97B1FBDF34000FD2D5B /* CopyFiles */,
			);
			buildRules = (
			);
			dependencies = (
			);
			name = "B. Devu, the Dumb Guy";
			productName = "B. Devu, the Dumb Guy";
			productReference = D4DAA97D1FBDF34000FD2D5B /* B. Devu, the Dumb Guy */;
			productType = "com.apple.product-type.tool";
		};
/* End PBXNativeTarget section */

/* Begin PBXProject section */
		D4DAA9751FBDF33F00FD2D5B /* Project object */ = {
			isa = PBXProject;
			attributes = {
				LastUpgradeCheck = 0820;
				ORGANIZATIONNAME = "nguyen tan dung";
				TargetAttributes = {
					D4DAA97C1FBDF34000FD2D5B = {
						CreatedOnToolsVersion = 8.2.1;
						ProvisioningStyle = Automatic;
					};
				};
			};
			buildConfigurationList = D4DAA9781FBDF33F00FD2D5B /* Build configuration list for PBXProject "B. Devu, the Dumb Guy" */;
			compatibilityVersion = "Xcode 3.2";
			developmentRegion = English;
			hasScannedForEncodings = 0;
			knownRegions = (
				en,
			);
			mainGroup = D4DAA9741FBDF33F00FD2D5B;
			productRefGroup = D4DAA97E1FBDF34000FD2D5B /* Products */;
			projectDirPath = "";
			projectRoot = "";
			targets = (
				D4DAA97C1FBDF34000FD2D5B /* B. Devu, the Dumb Guy */,
			);
		};
/* End PBXProject section */

/* Begin PBXSourcesBuildPhase section */
		D4DAA9791FBDF34000FD2D5B /* Sources */ = {
			isa = PBXSourcesBuildPhase;
			buildActionMask = 2147483647;
			files = (
				D4DAA9811FBDF34000FD2D5B /* main.cpp in Sources */,
			);
			runOnlyForDeploymentPostprocessing = 0;
		};
/* End PBXSourcesBuildPhase section */

/* Begin XCBuildConfiguration section */
		D4DAA9821FBDF34000FD2D5B /* Debug */ = {
			isa = XCBuildConfiguration;
			buildSettings = {
				ALWAYS_SEARCH_USER_PATHS = NO;
				CLANG_ANALYZER_NONNULL = YES;
				CLANG_CXX_LANGUAGE_STANDARD = "gnu++0x";
				CLANG_CXX_LIBRARY = "libc++";
				CLANG_ENABLE_MODULES = YES;
				CLANG_ENABLE_OBJC_ARC = YES;
				CLANG_WARN_BOOL_CONVERSION = YES;
				CLANG_WARN_CONSTANT_CONVERSION = YES;
				CLANG_WARN_DIRECT_OBJC_ISA_USAGE = YES_ERROR;
				CLANG_WARN_DOCUMENTATION_COMMENTS = YES;
				CLANG_WARN_EMPTY_BODY = YES;
				CLANG_WARN_ENUM_CONVERSION = YES;
				CLANG_WARN_INFINITE_RECURSION = YES;
				CLANG_WARN_INT_CONVERSION = YES;
				CLANG_WARN_OBJC_ROOT_CLASS = YES_ERROR;
				CLANG_WARN_SUSPICIOUS_MOVE = YES;
				CLANG_WARN_UNREACHABLE_CODE = YES;
				CLANG_WARN__DUPLICATE_METHOD_MATCH = YES;
				CODE_SIGN_IDENTITY = "-";
				COPY_PHASE_STRIP = NO;
				DEBUG_INFORMATION_FORMAT = dwarf;
				ENABLE_STRICT_OBJC_MSGSEND = YES;
				ENABLE_TESTABILITY = YES;
				GCC_C_LANGUAGE_STANDARD = gnu99;
				GCC_DYNAMIC_NO_PIC = NO;
				GCC_NO_COMMON_BLOCKS = YES;
				GCC_OPTIMIZATION_LEVEL = 0;
				GCC_PREPROCESSOR_DEFINITIONS = (
					"DEBUG=1",
					"$(inherited)",
				);
				GCC_WARN_64_TO_32_BIT_CONVERSION = YES;
				GCC_WARN_ABOUT_RETURN_TYPE = YES_ERROR;
				GCC_WARN_UNDECLARED_SELECTOR = YES;
				GCC_WARN_UNINITIALIZED_AUTOS = YES_AGGRESSIVE;
				GCC_WARN_UNUSED_FUNCTION = YES;
				GCC_WARN_UNUSED_VARIABLE = YES;
				MACOSX_DEPLOYMENT_TARGET = 10.13;
				MTL_ENABLE_DEBUG_INFO = YES;
				ONLY_ACTIVE_ARCH = YES;
				SDKROOT = macosx;
			};
			name = Debug;
		};
		D4DAA9831FBDF34000FD2D5B /* Release */ = {
			isa = XCBuildConfiguration;
			buildSettings = {
				ALWAYS_SEARCH_USER_PATHS = NO;
				CLANG_ANALYZER_NONNULL = YES;
				CLANG_CXX_LANGUAGE_STANDARD = "gnu++0x";
				CLANG_CXX_LIBRARY = "libc++";
				CLANG_ENABLE_MODULES = YES;
				CLANG_ENABLE_OBJC_ARC = YES;
				CLANG_WARN_BOOL_CONVERSION = YES;
				CLANG_WARN_CONSTANT_CONVERSION = YES;
				CLANG_WARN_DIRECT_OBJC_ISA_USAGE = YES_ERROR;
				CLANG_WARN_DOCUMENTATION_COMMENTS = YES;
				CLANG_WARN_EMPTY_BODY = YES;
				CLANG_WARN_ENUM_CONVERSION = YES;
				CLANG_WARN_INFINITE_RECURSION = YES;
				CLANG_WARN_INT_CONVERSION = YES;
				CLANG_WARN_OBJC_ROOT_CLASS = YES_ERROR;
				CLANG_WARN_SUSPICIOUS_MOVE = YES;
				CLANG_WARN_UNREACHABLE_CODE = YES;
				CLANG_WARN__DUPLICATE_METHOD_MATCH = YES;
				CODE_SIGN_IDENTITY = "-";
				COPY_PHASE_STRIP = NO;
				DEBUG_INFORMATION_FORMAT = "dwarf-with-dsym";
				ENABLE_NS_ASSERTIONS = NO;
				ENABLE_STRICT_OBJC_MSGSEND = YES;
				GCC_C_LANGUAGE_STANDARD = gnu99;
				GCC_NO_COMMON_BLOCKS = YES;
				GCC_WARN_64_TO_32_BIT_CONVERSION = YES;
				GCC_WARN_ABOUT_RETURN_TYPE = YES_ERROR;
				GCC_WARN_UNDECLARED_SELECTOR = YES;
				GCC_WARN_UNINITIALIZED_AUTOS = YES_AGGRESSIVE;
				GCC_WARN_UNUSED_FUNCTION = YES;
				GCC_WARN_UNUSED_VARIABLE = YES;
				MACOSX_DEPLOYMENT_TARGET = 10.13;
				MTL_ENABLE_DEBUG_INFO = NO;
				SDKROOT = macosx;
			};
			name = Release;
		};
		D4DAA9851FBDF34000FD2D5B /* Debug */ = {
			isa = XCBuildConfiguration;
			buildSettings = {
				PRODUCT_NAME = "$(TARGET_NAME)";
			};
			name = Debug;
		};
		D4DAA9861FBDF34000FD2D5B /* Release */ = {
			isa = XCBuildConfiguration;
			buildSettings = {
				PRODUCT_NAME = "$(TARGET_NAME)";
			};
			name = Release;
		};
/* End XCBuildConfiguration section */

/* Begin XCConfigurationList section */
		D4DAA9781FBDF33F00FD2D5B /* Build configuration list for PBXProject "B. Devu, the Dumb Guy" */ = {
			isa = XCConfigurationList;
			buildConfigurations = (
				D4DAA9821FBDF34000FD2D5B /* Debug */,
				D4DAA9831FBDF34000FD2D5B /* Release */,
			);
			defaultConfigurationIsVisible = 0;
			defaultConfigurationName = Release;
		};
		D4DAA9841FBDF34000FD2D5B /* Build configuration list for PBXNativeTarget "B. Devu, the Dumb Guy" */ = {
			isa = XCConfigurationList;
			buildConfigurations = (
				D4DAA9851FBDF34000FD2D5B /* Debug */,
				D4DAA9861FBDF34000FD2D5B /* Release */,
			);
			defaultConfigurationIsVisible = 0;
		};
/* End XCConfigurationList section */
	};
	rootObject = D4DAA9751FBDF33F00FD2D5B /* Project object */;
}
